Microsoft Visual Studio Solution File, Format Version 12.00
# Visual Studio Version 17
VisualStudioVersion = 17.5.2.0
MinimumVisualStudioVersion = 10.0.40219.1
Project("{FAE04EC0-301F-11D3-BF4B-00C04F79EFBC}") = "NaukriResumeRefresher", "NaukriResumeRefresher.csproj", "{8551C39F-CF38-5BB9-7801-B9D3C12346CF}"
EndProject
Global
	GlobalSection(SolutionConfigurationPlatforms) = preSolution
		Debug|Any CPU = Debug|Any CPU
		Release|Any CPU = Release|Any CPU
	EndGlobalSection
	GlobalSection(ProjectConfigurationPlatforms) = postSolution
		{8551C39F-CF38-5BB9-7801-B9D3C12346CF}.Debug|Any CPU.ActiveCfg = Debug|Any CPU
		{8551C39F-CF38-5BB9-7801-B9D3C12346CF}.Debug|Any CPU.Build.0 = Debug|Any CPU
		{8551C39F-CF38-5BB9-7801-B9D3C12346CF}.Release|Any CPU.ActiveCfg = Release|Any CPU
		{8551C39F-CF38-5BB9-7801-B9D3C12346CF}.Release|Any CPU.Build.0 = Release|Any CPU
	EndGlobalSection
	GlobalSection(SolutionProperties) = preSolution
		HideSolutionNode = FALSE
	EndGlobalSection
	GlobalSection(ExtensibilityGlobals) = postSolution
		SolutionGuid = {3EDBFAFF-9FD0-4BFD-A701-8CAA6B7D1E30}
	EndGlobalSection
EndGlobal
